Microsoft Visual Studio Solution File, Format Version 12.00
# Visual Studio 15
VisualStudioVersion = 15.0.28307.1321
MinimumVisualStudioVersion = 10.0.40219.1
Project("{8BC9CEB8-8B4A-11D0-8D11-00A0C91BC942}") = "sk3wldbg", "sk3wldbg.vcxproj", "{7B4A96A3-659F-44A7-8A1E-B99CB16DD02E}"
EndProject
Global
	GlobalSection(SolutionConfigurationPlatforms) = preSolution
		Debug|Win32 = Debug|Win32
		Debug|x64 = Debug|x64
		Release|Win32 = Release|Win32
		Release|x64 = Release|x64
		Release64|Win32 = Release64|Win32
		Release64|x64 = Release64|x64
	EndGlobalSection
	GlobalSection(ProjectConfigurationPlatforms) = postSolution
		{7B4A96A3-659F-44A7-8A1E-B99CB16DD02E}.Debug|Win32.ActiveCfg = Debug|Win32
		{7B4A96A3-659F-44A7-8A1E-B99CB16DD02E}.Debug|Win32.Build.0 = Debug|Win32
		{7B4A96A3-659F-44A7-8A1E-B99CB16DD02E}.Debug|x64.ActiveCfg = Debug|x64
		{7B4A96A3-659F-44A7-8A1E-B99CB16DD02E}.Debug|x64.Build.0 = Debug|x64
		{7B4A96A3-659F-44A7-8A1E-B99CB16DD02E}.Release|Win32.ActiveCfg = Release|Win32
		{7B4A96A3-659F-44A7-8A1E-B99CB16DD02E}.Release|Win32.Build.0 = Release|Win32
		{7B4A96A3-659F-44A7-8A1E-B99CB16DD02E}.Release|x64.ActiveCfg = Release|x64
		{7B4A96A3-659F-44A7-8A1E-B99CB16DD02E}.Release|x64.Build.0 = Release|x64
		{7B4A96A3-659F-44A7-8A1E-B99CB16DD02E}.Release64|Win32.ActiveCfg = Release64|Win32
		{7B4A96A3-659F-44A7-8A1E-B99CB16DD02E}.Release64|Win32.Build.0 = Release64|Win32
		{7B4A96A3-659F-44A7-8A1E-B99CB16DD02E}.Release64|x64.ActiveCfg = Release64|x64
		{7B4A96A3-659F-44A7-8A1E-B99CB16DD02E}.Release64|x64.Build.0 = Release64|x64
	EndGlobalSection
	GlobalSection(SolutionProperties) = preSolution
		HideSolutionNode = FALSE
	EndGlobalSection
	GlobalSection(ExtensibilityGlobals) = postSolution
		SolutionGuid = {902A87DD-F804-4CE8-83B6-516B9635BE0B}
	EndGlobalSection
EndGlobal
